
Microsoft Visual Studio Solution File, Format Version 12.00
# Visual Studio Version 16
VisualStudioVersion = 16.0.32929.386
MinimumVisualStudioVersion = 10.0.40219.1
Project("{FAE04EC0-301F-11D3-BF4B-00C04F79EFBC}") = "AcumaticaTest", "AcumaticaTest\AcumaticaTest.csproj", "{AA39D597-47B6-4136-A935-ECC181CD7E6D}"
EndProject
Global
	GlobalSection(SolutionConfigurationPlatforms) = preSolution
		Debug|Any CPU = Debug|Any CPU
		Release|Any CPU = Release|Any CPU
	EndGlobalSection
	GlobalSection(ProjectConfigurationPlatforms) = postSolution
		{AA39D597-47B6-4136-A935-ECC181CD7E6D}.Debug|Any CPU.ActiveCfg = Debug|Any CPU
		{AA39D597-47B6-4136-A935-ECC181CD7E6D}.Debug|Any CPU.Build.0 = Debug|Any CPU
		{AA39D597-47B6-4136-A935-ECC181CD7E6D}.Release|Any CPU.ActiveCfg = Release|Any CPU
		{AA39D597-47B6-4136-A935-ECC181CD7E6D}.Release|Any CPU.Build.0 = Release|Any CPU
	EndGlobalSection
	GlobalSection(SolutionProperties) = preSolution
		HideSolutionNode = FALSE
	EndGlobalSection
	GlobalSection(ExtensibilityGlobals) = postSolution
		SolutionGuid = {6202073B-3515-4002-8BFD-834F2FD46751}
	EndGlobalSection
EndGlobal
